
Microsoft Visual Studio Solution File, Format Version 12.00
# Visual Studio Version 16
VisualStudioVersion = 16.0.31702.278
MinimumVisualStudioVersion = 10.0.40219.1
Project("{FAE04EC0-301F-11D3-BF4B-00C04F79EFBC}") = "ImageResize", "ImageResize.csproj", "{C4AE461D-D717-431C-83FA-BA4EE7D5DB21}"
EndProject
Global
	GlobalSection(SolutionConfigurationPlatforms) = preSolution
		Debug|Any CPU = Debug|Any CPU
		Release|Any CPU = Release|Any CPU
	EndGlobalSection
	GlobalSection(ProjectConfigurationPlatforms) = postSolution
		{C4AE461D-D717-431C-83FA-BA4EE7D5DB21}.Debug|Any CPU.ActiveCfg = Debug|Any CPU
		{C4AE461D-D717-431C-83FA-BA4EE7D5DB21}.Debug|Any CPU.Build.0 = Debug|Any CPU
		{C4AE461D-D717-431C-83FA-BA4EE7D5DB21}.Release|Any CPU.ActiveCfg = Release|Any CPU
		{C4AE461D-D717-431C-83FA-BA4EE7D5DB21}.Release|Any CPU.Build.0 = Release|Any CPU
	EndGlobalSection
	GlobalSection(SolutionProperties) = preSolution
		HideSolutionNode = FALSE
	EndGlobalSection
	GlobalSection(ExtensibilityGlobals) = postSolution
		SolutionGuid = {E203D06E-F817-419D-816B-2E544BD11581}
	EndGlobalSection
EndGlobal
